
Microsoft Visual Studio Solution File, Format Version 12.00
# Visual Studio Version 17
VisualStudioVersion = 17.2.32519.379
MinimumVisualStudioVersion = 10.0.40219.1
Project("{9A19103F-16F7-4668-BE54-9A1E7A4F7556}") = "SB_HW_4", "SB_HW_4\SB_HW_4.csproj", "{34A37571-DE31-4561-AD12-A8CB12A0D6DC}"
EndProject
Project("{9A19103F-16F7-4668-BE54-9A1E7A4F7556}") = "SB_HW_4.2", "SB_HW_4.2\SB_HW_4.2.csproj", "{1206BDF4-2375-4077-8AC2-2E377AFAA2F7}"
EndProject
Project("{FAE04EC0-301F-11D3-BF4B-00C04F79EFBC}") = "SB_HW_4.3", "SB_HW_4.3\SB_HW_4.3.csproj", "{7ADEC086-7572-448C-B5C7-47AEBC3C907F}"
EndProject
Global
	GlobalSection(SolutionConfigurationPlatforms) = preSolution
		Debug|Any CPU = Debug|Any CPU
		Release|Any CPU = Release|Any CPU
	EndGlobalSection
	GlobalSection(ProjectConfigurationPlatforms) = postSolution
		{34A37571-DE31-4561-AD12-A8CB12A0D6DC}.Debug|Any CPU.ActiveCfg = Debug|Any CPU
		{34A37571-DE31-4561-AD12-A8CB12A0D6DC}.Debug|Any CPU.Build.0 = Debug|Any CPU
		{34A37571-DE31-4561-AD12-A8CB12A0D6DC}.Release|Any CPU.ActiveCfg = Release|Any CPU
		{34A37571-DE31-4561-AD12-A8CB12A0D6DC}.Release|Any CPU.Build.0 = Release|Any CPU
		{1206BDF4-2375-4077-8AC2-2E377AFAA2F7}.Debug|Any CPU.ActiveCfg = Debug|Any CPU
		{1206BDF4-2375-4077-8AC2-2E377AFAA2F7}.Debug|Any CPU.Build.0 = Debug|Any CPU
		{1206BDF4-2375-4077-8AC2-2E377AFAA2F7}.Release|Any CPU.ActiveCfg = Release|Any CPU
		{1206BDF4-2375-4077-8AC2-2E377AFAA2F7}.Release|Any CPU.Build.0 = Release|Any CPU
		{7ADEC086-7572-448C-B5C7-47AEBC3C907F}.Debug|Any CPU.ActiveCfg = Debug|Any CPU
		{7ADEC086-7572-448C-B5C7-47AEBC3C907F}.Debug|Any CPU.Build.0 = Debug|Any CPU
		{7ADEC086-7572-448C-B5C7-47AEBC3C907F}.Release|Any CPU.ActiveCfg = Release|Any CPU
		{7ADEC086-7572-448C-B5C7-47AEBC3C907F}.Release|Any CPU.Build.0 = Release|Any CPU
	EndGlobalSection
	GlobalSection(SolutionProperties) = preSolution
		HideSolutionNode = FALSE
	EndGlobalSection
	GlobalSection(ExtensibilityGlobals) = postSolution
		SolutionGuid = {FCBFA9C7-215B-4617-9F72-4FEC5FB4B444}
	EndGlobalSection
EndGlobal
